
Microsoft Visual Studio Solution File, Format Version 12.00
# Visual Studio Version 16
VisualStudioVersion = 16.0.29424.173
MinimumVisualStudioVersion = 10.0.40219.1
Project("{FAE04EC0-301F-11D3-BF4B-00C04F79EFBC}") = "VideoGameLibrary", "VideoGameLibrary.csproj", "{644FDB5F-9066-4F4B-8E91-4ECE12615961}"
EndProject
Global
	GlobalSection(SolutionConfigurationPlatforms) = preSolution
		Debug|Any CPU = Debug|Any CPU
		Release|Any CPU = Release|Any CPU
	EndGlobalSection
	GlobalSection(ProjectConfigurationPlatforms) = postSolution
		{644FDB5F-9066-4F4B-8E91-4ECE12615961}.Debug|Any CPU.ActiveCfg = Debug|Any CPU
		{644FDB5F-9066-4F4B-8E91-4ECE12615961}.Debug|Any CPU.Build.0 = Debug|Any CPU
		{644FDB5F-9066-4F4B-8E91-4ECE12615961}.Release|Any CPU.ActiveCfg = Release|Any CPU
		{644FDB5F-9066-4F4B-8E91-4ECE12615961}.Release|Any CPU.Build.0 = Release|Any CPU
	EndGlobalSection
	GlobalSection(SolutionProperties) = preSolution
		HideSolutionNode = FALSE
	EndGlobalSection
	GlobalSection(ExtensibilityGlobals) = postSolution
		SolutionGuid = {DC17FA49-AE9B-44CF-A35B-462C94C2FA44}
	EndGlobalSection
EndGlobal
